
SPEC CHECKSUMS: 
  AFNetworking: b21c1252d437fd322e7db1caa93b163d76a362cb
  OCMock: 77a9c4c57af6bf258a537d34cf09abf422affede
  Kiwi: 9141d15cf4f52a2178139ea16722f021b4059906

DEPENDENCIES: 
- AFNetworking (= 1.0RC1)
- Kiwi
- OCMock

PODS: 
- AFNetworking (1.0RC1)
- Kiwi (1.1.0)
- OCMock (2.0.1)

COCOAPODS: 0.15.2
