// !$*UTF8*$!
{
	archiveVersion = 1;
	classes = {
	};
	objectVersion = 46;
	objects = {

/* Begin PBXBuildFile section */
		08D43362329A46488E585071 /* libPods.a in Frameworks */ = {isa = PBXBuildFile; fileRef = 65D1DA06FAB24A18AB6A5963 /* libPods.a */; };
		1D0A1358119648AFB949959A /* libPods-AeroGear-iOSTests.a in Frameworks */ = {isa = PBXBuildFile; fileRef = E065C8DDD305422BBB3237D5 /* libPods-AeroGear-iOSTests.a */; };
		57345BD815E3D18600B74FEB /* AGHttpClient.m in Sources */ = {isa = PBXBuildFile; fileRef = 57345BD715E3D18600B74FEB /* AGHttpClient.m */; };
		57345BDC15E3D1DF00B74FEB /* AGHttpClientTests.m in Sources */ = {isa = PBXBuildFile; fileRef = 57345BDB15E3D1DF00B74FEB /* AGHttpClientTests.m */; };
		57737FDD15E3D01D006B97BB /* Foundation.framework in Frameworks */ = {isa = PBXBuildFile; fileRef = 57737FDC15E3D01D006B97BB /* Foundation.framework */; };
		57737FEC15E3D01D006B97BB /* SenTestingKit.framework in Frameworks */ = {isa = PBXBuildFile; fileRef = 57737FEB15E3D01D006B97BB /* SenTestingKit.framework */; };
		57737FEE15E3D01D006B97BB /* UIKit.framework in Frameworks */ = {isa = PBXBuildFile; fileRef = 57737FED15E3D01D006B97BB /* UIKit.framework */; };
		57737FEF15E3D01D006B97BB /* Foundation.framework in Frameworks */ = {isa = PBXBuildFile; fileRef = 57737FDC15E3D01D006B97BB /* Foundation.framework */; };
		57737FF215E3D01D006B97BB /* libAeroGear-iOS.a in Frameworks */ = {isa = PBXBuildFile; fileRef = 57737FD915E3D01D006B97BB /* libAeroGear-iOS.a */; };
		57737FF815E3D01D006B97BB /* InfoPlist.strings in Resources */ = {isa = PBXBuildFile; fileRef = 57737FF615E3D01D006B97BB /* InfoPlist.strings */; };
/* End PBXBuildFile section */

/* Begin PBXContainerItemProxy section */
		57737FF015E3D01D006B97BB /* PBXContainerItemProxy */ = {
			isa = PBXContainerItemProxy;
			containerPortal = 57737FD015E3D01D006B97BB /* Project object */;
			proxyType = 1;
			remoteGlobalIDString = 57737FD815E3D01D006B97BB;
			remoteInfo = "AeroGear-iOS";
		};
/* End PBXContainerItemProxy section */

/* Begin PBXCopyFilesBuildPhase section */
		57737FD715E3D01D006B97BB /* CopyFiles */ = {
			isa = PBXCopyFilesBuildPhase;
			buildActionMask = 2147483647;
			dstPath = "include/${PRODUCT_NAME}";
			dstSubfolderSpec = 16;
			files = (
			);
			runOnlyForDeploymentPostprocessing = 0;
		};
/* End PBXCopyFilesBuildPhase section */

/* Begin PBXFileReference section */
		57345BD615E3D18600B74FEB /* AGHttpClient.h */ = {isa = PBXFileReference; fileEncoding = 4; lastKnownFileType = sourcecode.c.h; path = AGHttpClient.h; sourceTree = "<group>"; };
		57345BD715E3D18600B74FEB /* AGHttpClient.m */ = {isa = PBXFileReference; fileEncoding = 4; lastKnownFileType = sourcecode.c.objc; path = AGHttpClient.m; sourceTree = "<group>"; };
		57345BDA15E3D1DF00B74FEB /* AGHttpClientTests.h */ = {isa = PBXFileReference; fileEncoding = 4; lastKnownFileType = sourcecode.c.h; path = AGHttpClientTests.h; sourceTree = "<group>"; };
		57345BDB15E3D1DF00B74FEB /* AGHttpClientTests.m */ = {isa = PBXFileReference; fileEncoding = 4; lastKnownFileType = sourcecode.c.objc; path = AGHttpClientTests.m; sourceTree = "<group>"; };
		57737FD915E3D01D006B97BB /* libAeroGear-iOS.a */ = {isa = PBXFileReference; explicitFileType = archive.ar; includeInIndex = 0; path = "libAeroGear-iOS.a"; sourceTree = BUILT_PRODUCTS_DIR; };
		57737FDC15E3D01D006B97BB /* Foundation.framework */ = {isa = PBXFileReference; includeInIndex = 1; lastKnownFileType = wrapper.framework; name = Foundation.framework; path = System/Library/Frameworks/Foundation.framework; sourceTree = SDKROOT; };
		57737FE015E3D01D006B97BB /* AeroGear-iOS-Prefix.pch */ = {isa = PBXFileReference; lastKnownFileType = sourcecode.c.h; path = "AeroGear-iOS-Prefix.pch"; sourceTree = "<group>"; };
		57737FEA15E3D01D006B97BB /* AeroGear-iOSTests.octest */ = {isa = PBXFileReference; explicitFileType = wrapper.cfbundle; includeInIndex = 0; path = "AeroGear-iOSTests.octest"; sourceTree = BUILT_PRODUCTS_DIR; };
		57737FEB15E3D01D006B97BB /* SenTestingKit.framework */ = {isa = PBXFileReference; includeInIndex = 1; lastKnownFileType = wrapper.framework; name = SenTestingKit.framework; path = Library/Frameworks/SenTestingKit.framework; sourceTree = DEVELOPER_DIR; };
		57737FED15E3D01D006B97BB /* UIKit.framework */ = {isa = PBXFileReference; includeInIndex = 1; lastKnownFileType = wrapper.framework; name = UIKit.framework; path = Library/Frameworks/UIKit.framework; sourceTree = DEVELOPER_DIR; };
		57737FF515E3D01D006B97BB /* AeroGear-iOSTests-Info.plist */ = {isa = PBXFileReference; lastKnownFileType = text.plist.xml; path = "AeroGear-iOSTests-Info.plist"; sourceTree = "<group>"; };
		57737FF715E3D01D006B97BB /* en */ = {isa = PBXFileReference; lastKnownFileType = text.plist.strings; name = en; path = en.lproj/InfoPlist.strings; sourceTree = "<group>"; };
		65D1DA06FAB24A18AB6A5963 /* libPods.a */ = {isa = PBXFileReference; explicitFileType = archive.ar; includeInIndex = 0; path = libPods.a; sourceTree = BUILT_PRODUCTS_DIR; };
		B8AB37EC1AA3464892D758C1 /* Pods.xcconfig */ = {isa = PBXFileReference; includeInIndex = 1; lastKnownFileType = text.xcconfig; name = Pods.xcconfig; path = Pods/Pods.xcconfig; sourceTree = SOURCE_ROOT; };
		D6A7A8124B23447DA65BC0DE /* Pods-AeroGear-iOSTests.xcconfig */ = {isa = PBXFileReference; includeInIndex = 1; lastKnownFileType = text.xcconfig; name = "Pods-AeroGear-iOSTests.xcconfig"; path = "Pods/Pods-AeroGear-iOSTests.xcconfig"; sourceTree = SOURCE_ROOT; };
		E065C8DDD305422BBB3237D5 /* libPods-AeroGear-iOSTests.a */ = {isa = PBXFileReference; explicitFileType = archive.ar; includeInIndex = 0; path = "libPods-AeroGear-iOSTests.a"; sourceTree = BUILT_PRODUCTS_DIR; };
/* End PBXFileReference section */

/* Begin PBXFrameworksBuildPhase section */
		57737FD615E3D01D006B97BB /* Frameworks */ = {
			isa = PBXFrameworksBuildPhase;
			buildActionMask = 2147483647;
			files = (
				57737FDD15E3D01D006B97BB /* Foundation.framework in Frameworks */,
				08D43362329A46488E585071 /* libPods.a in Frameworks */,
			);
			runOnlyForDeploymentPostprocessing = 0;
		};
		57737FE615E3D01D006B97BB /* Frameworks */ = {
			isa = PBXFrameworksBuildPhase;
			buildActionMask = 2147483647;
			files = (
				57737FEC15E3D01D006B97BB /* SenTestingKit.framework in Frameworks */,
				57737FEE15E3D01D006B97BB /* UIKit.framework in Frameworks */,
				57737FEF15E3D01D006B97BB /* Foundation.framework in Frameworks */,
				57737FF215E3D01D006B97BB /* libAeroGear-iOS.a in Frameworks */,
				1D0A1358119648AFB949959A /* libPods-AeroGear-iOSTests.a in Frameworks */,
			);
			runOnlyForDeploymentPostprocessing = 0;
		};
/* End PBXFrameworksBuildPhase section */

/* Begin PBXGroup section */
		57737FCE15E3D01D006B97BB = {
			isa = PBXGroup;
			children = (
				57737FDE15E3D01D006B97BB /* AeroGear-iOS */,
				57737FF315E3D01D006B97BB /* AeroGear-iOSTests */,
				57737FDB15E3D01D006B97BB /* Frameworks */,
				57737FDA15E3D01D006B97BB /* Products */,
				B8AB37EC1AA3464892D758C1 /* Pods.xcconfig */,
				D6A7A8124B23447DA65BC0DE /* Pods-AeroGear-iOSTests.xcconfig */,
			);
			sourceTree = "<group>";
		};
		57737FDA15E3D01D006B97BB /* Products */ = {
			isa = PBXGroup;
			children = (
				57737FD915E3D01D006B97BB /* libAeroGear-iOS.a */,
				57737FEA15E3D01D006B97BB /* AeroGear-iOSTests.octest */,
			);
			name = Products;
			sourceTree = "<group>";
		};
		57737FDB15E3D01D006B97BB /* Frameworks */ = {
			isa = PBXGroup;
			children = (
				57737FDC15E3D01D006B97BB /* Foundation.framework */,
				57737FEB15E3D01D006B97BB /* SenTestingKit.framework */,
				57737FED15E3D01D006B97BB /* UIKit.framework */,
				65D1DA06FAB24A18AB6A5963 /* libPods.a */,
				E065C8DDD305422BBB3237D5 /* libPods-AeroGear-iOSTests.a */,
			);
			name = Frameworks;
			sourceTree = "<group>";
		};
		57737FDE15E3D01D006B97BB /* AeroGear-iOS */ = {
			isa = PBXGroup;
			children = (
				57737FDF15E3D01D006B97BB /* Supporting Files */,
				57345BD615E3D18600B74FEB /* AGHttpClient.h */,
				57345BD715E3D18600B74FEB /* AGHttpClient.m */,
			);
			path = "AeroGear-iOS";
			sourceTree = "<group>";
		};
		57737FDF15E3D01D006B97BB /* Supporting Files */ = {
			isa = PBXGroup;
			children = (
				57737FE015E3D01D006B97BB /* AeroGear-iOS-Prefix.pch */,
			);
			name = "Supporting Files";
			sourceTree = "<group>";
		};
		57737FF315E3D01D006B97BB /* AeroGear-iOSTests */ = {
			isa = PBXGroup;
			children = (
				57737FF415E3D01D006B97BB /* Supporting Files */,
				57345BDA15E3D1DF00B74FEB /* AGHttpClientTests.h */,
				57345BDB15E3D1DF00B74FEB /* AGHttpClientTests.m */,
			);
			path = "AeroGear-iOSTests";
			sourceTree = "<group>";
		};
		57737FF415E3D01D006B97BB /* Supporting Files */ = {
			isa = PBXGroup;
			children = (
				57737FF515E3D01D006B97BB /* AeroGear-iOSTests-Info.plist */,
				57737FF615E3D01D006B97BB /* InfoPlist.strings */,
			);
			name = "Supporting Files";
			sourceTree = "<group>";
		};
/* End PBXGroup section */

/* Begin PBXNativeTarget section */
		57737FD815E3D01D006B97BB /* AeroGear-iOS */ = {
			isa = PBXNativeTarget;
			buildConfigurationList = 57737FFE15E3D01D006B97BB /* Build configuration list for PBXNativeTarget "AeroGear-iOS" */;
			buildPhases = (
				57737FD515E3D01D006B97BB /* Sources */,
				57737FD615E3D01D006B97BB /* Frameworks */,
				57737FD715E3D01D006B97BB /* CopyFiles */,
				AB043696C28242AAB34681EC /* Copy Pods Resources */,
			);
			buildRules = (
			);
			dependencies = (
			);
			name = "AeroGear-iOS";
			productName = "AeroGear-iOS";
			productReference = 57737FD915E3D01D006B97BB /* libAeroGear-iOS.a */;
			productType = "com.apple.product-type.library.static";
		};
		57737FE915E3D01D006B97BB /* AeroGear-iOSTests */ = {
			isa = PBXNativeTarget;
			buildConfigurationList = 5773800115E3D01D006B97BB /* Build configuration list for PBXNativeTarget "AeroGear-iOSTests" */;
			buildPhases = (
				57737FE515E3D01D006B97BB /* Sources */,
				57737FE615E3D01D006B97BB /* Frameworks */,
				57737FE715E3D01D006B97BB /* Resources */,
				57737FE815E3D01D006B97BB /* ShellScript */,
				93D7F386A5174719A232F1D0 /* Copy Pods Resources */,
			);
			buildRules = (
			);
			dependencies = (
				57737FF115E3D01D006B97BB /* PBXTargetDependency */,
			);
			name = "AeroGear-iOSTests";
			productName = "AeroGear-iOSTests";
			productReference = 57737FEA15E3D01D006B97BB /* AeroGear-iOSTests.octest */;
			productType = "com.apple.product-type.bundle";
		};
/* End PBXNativeTarget section */

/* Begin PBXProject section */
		57737FD015E3D01D006B97BB /* Project object */ = {
			isa = PBXProject;
			attributes = {
				LastUpgradeCheck = 0440;
				ORGANIZATIONNAME = JBoss;
			};
			buildConfigurationList = 57737FD315E3D01D006B97BB /* Build configuration list for PBXProject "AeroGear-iOS" */;
			compatibilityVersion = "Xcode 3.2";
			developmentRegion = English;
			hasScannedForEncodings = 0;
			knownRegions = (
				en,
			);
			mainGroup = 57737FCE15E3D01D006B97BB;
			productRefGroup = 57737FDA15E3D01D006B97BB /* Products */;
			projectDirPath = "";
			projectRoot = "";
			targets = (
				57737FD815E3D01D006B97BB /* AeroGear-iOS */,
				57737FE915E3D01D006B97BB /* AeroGear-iOSTests */,
			);
		};
/* End PBXProject section */

/* Begin PBXResourcesBuildPhase section */
		57737FE715E3D01D006B97BB /* Resources */ = {
			isa = PBXResourcesBuildPhase;
			buildActionMask = 2147483647;
			files = (
				57737FF815E3D01D006B97BB /* InfoPlist.strings in Resources */,
			);
			runOnlyForDeploymentPostprocessing = 0;
		};
/* End PBXResourcesBuildPhase section */

/* Begin PBXShellScriptBuildPhase section */
		57737FE815E3D01D006B97BB /* ShellScript */ = {
			isa = PBXShellScriptBuildPhase;
			buildActionMask = 2147483647;
			files = (
			);
			inputPaths = (
			);
			outputPaths = (
			);
			runOnlyForDeploymentPostprocessing = 0;
			shellPath = /bin/sh;
			shellScript = "# Run the unit tests in this test bundle.\n\"${SYSTEM_DEVELOPER_DIR}/Tools/RunUnitTests\"\n";
		};
		93D7F386A5174719A232F1D0 /* Copy Pods Resources */ = {
			isa = PBXShellScriptBuildPhase;
			buildActionMask = 2147483647;
			files = (
			);
			inputPaths = (
			);
			name = "Copy Pods Resources";
			outputPaths = (
			);
			runOnlyForDeploymentPostprocessing = 0;
			shellPath = /bin/sh;
			shellScript = "\"${SRCROOT}/Pods/Pods-AeroGear-iOSTests-resources.sh\"\n";
		};
		AB043696C28242AAB34681EC /* Copy Pods Resources */ = {
			isa = PBXShellScriptBuildPhase;
			buildActionMask = 2147483647;
			files = (
			);
			inputPaths = (
			);
			name = "Copy Pods Resources";
			outputPaths = (
			);
			runOnlyForDeploymentPostprocessing = 0;
			shellPath = /bin/sh;
			shellScript = "\"${SRCROOT}/Pods/Pods-resources.sh\"\n";
		};
/* End PBXShellScriptBuildPhase section */

/* Begin PBXSourcesBuildPhase section */
		57737FD515E3D01D006B97BB /* Sources */ = {
			isa = PBXSourcesBuildPhase;
			buildActionMask = 2147483647;
			files = (
				57345BD815E3D18600B74FEB /* AGHttpClient.m in Sources */,
			);
			runOnlyForDeploymentPostprocessing = 0;
		};
		57737FE515E3D01D006B97BB /* Sources */ = {
			isa = PBXSourcesBuildPhase;
			buildActionMask = 2147483647;
			files = (
				57345BDC15E3D1DF00B74FEB /* AGHttpClientTests.m in Sources */,
			);
			runOnlyForDeploymentPostprocessing = 0;
		};
/* End PBXSourcesBuildPhase section */

/* Begin PBXTargetDependency section */
		57737FF115E3D01D006B97BB /* PBXTargetDependency */ = {
			isa = PBXTargetDependency;
			target = 57737FD815E3D01D006B97BB /* AeroGear-iOS */;
			targetProxy = 57737FF015E3D01D006B97BB /* PBXContainerItemProxy */;
		};
/* End PBXTargetDependency section */

/* Begin PBXVariantGroup section */
		57737FF615E3D01D006B97BB /* InfoPlist.strings */ = {
			isa = PBXVariantGroup;
			children = (
				57737FF715E3D01D006B97BB /* en */,
			);
			name = InfoPlist.strings;
			sourceTree = "<group>";
		};
/* End PBXVariantGroup section */

/* Begin XCBuildConfiguration section */
		57737FFC15E3D01D006B97BB /* Debug */ = {
			isa = XCBuildConfiguration;
			buildSettings = {
				ALWAYS_SEARCH_USER_PATHS = NO;
				ARCHS = "$(ARCHS_STANDARD_32_BIT)";
				CLANG_CXX_LANGUAGE_STANDARD = "gnu++0x";
				CLANG_ENABLE_OBJC_ARC = YES;
				CLANG_WARN__DUPLICATE_METHOD_MATCH = YES;
				COPY_PHASE_STRIP = NO;
				GCC_C_LANGUAGE_STANDARD = gnu99;
				GCC_DYNAMIC_NO_PIC = NO;
				GCC_OPTIMIZATION_LEVEL = 0;
				GCC_PREPROCESSOR_DEFINITIONS = (
					"DEBUG=1",
					"$(inherited)",
				);
				GCC_SYMBOLS_PRIVATE_EXTERN = NO;
				GCC_VERSION = com.apple.compilers.llvm.clang.1_0;
				GCC_WARN_ABOUT_RETURN_TYPE = YES;
				GCC_WARN_UNINITIALIZED_AUTOS = YES;
				GCC_WARN_UNUSED_VARIABLE = YES;
				IPHONEOS_DEPLOYMENT_TARGET = 5.1;
				SDKROOT = iphoneos;
			};
			name = Debug;
		};
		57737FFD15E3D01D006B97BB /* Release */ = {
			isa = XCBuildConfiguration;
			buildSettings = {
				ALWAYS_SEARCH_USER_PATHS = NO;
				ARCHS = "$(ARCHS_STANDARD_32_BIT)";
				CLANG_CXX_LANGUAGE_STANDARD = "gnu++0x";
				CLANG_ENABLE_OBJC_ARC = YES;
				CLANG_WARN__DUPLICATE_METHOD_MATCH = YES;
				COPY_PHASE_STRIP = YES;
				GCC_C_LANGUAGE_STANDARD = gnu99;
				GCC_VERSION = com.apple.compilers.llvm.clang.1_0;
				GCC_WARN_ABOUT_RETURN_TYPE = YES;
				GCC_WARN_UNINITIALIZED_AUTOS = YES;
				GCC_WARN_UNUSED_VARIABLE = YES;
				IPHONEOS_DEPLOYMENT_TARGET = 5.1;
				SDKROOT = iphoneos;
				VALIDATE_PRODUCT = YES;
			};
			name = Release;
		};
		57737FFF15E3D01D006B97BB /* Debug */ = {
			isa = XCBuildConfiguration;
			baseConfigurationReference = B8AB37EC1AA3464892D758C1 /* Pods.xcconfig */;
			buildSettings = {
				DSTROOT = /tmp/AeroGear_iOS.dst;
				GCC_PRECOMPILE_PREFIX_HEADER = YES;
				GCC_PREFIX_HEADER = "AeroGear-iOS/AeroGear-iOS-Prefix.pch";
				OTHER_LDFLAGS = "-ObjC";
				PRODUCT_NAME = "$(TARGET_NAME)";
				SKIP_INSTALL = YES;
			};
			name = Debug;
		};
		5773800015E3D01D006B97BB /* Release */ = {
			isa = XCBuildConfiguration;
			baseConfigurationReference = B8AB37EC1AA3464892D758C1 /* Pods.xcconfig */;
			buildSettings = {
				DSTROOT = /tmp/AeroGear_iOS.dst;
				GCC_PRECOMPILE_PREFIX_HEADER = YES;
				GCC_PREFIX_HEADER = "AeroGear-iOS/AeroGear-iOS-Prefix.pch";
				OTHER_LDFLAGS = "-ObjC";
				PRODUCT_NAME = "$(TARGET_NAME)";
				SKIP_INSTALL = YES;
			};
			name = Release;
		};
		5773800215E3D01D006B97BB /* Debug */ = {
			isa = XCBuildConfiguration;
			baseConfigurationReference = D6A7A8124B23447DA65BC0DE /* Pods-AeroGear-iOSTests.xcconfig */;
			buildSettings = {
				FRAMEWORK_SEARCH_PATHS = (
					"\"$(SDKROOT)/Developer/Library/Frameworks\"",
					"\"$(DEVELOPER_LIBRARY_DIR)/Frameworks\"",
				);
				GCC_PRECOMPILE_PREFIX_HEADER = YES;
				GCC_PREFIX_HEADER = "AeroGear-iOS/AeroGear-iOS-Prefix.pch";
				INFOPLIST_FILE = "AeroGear-iOSTests/AeroGear-iOSTests-Info.plist";
				PRODUCT_NAME = "$(TARGET_NAME)";
				WRAPPER_EXTENSION = octest;
			};
			name = Debug;
		};
		5773800315E3D01D006B97BB /* Release */ = {
			isa = XCBuildConfiguration;
			baseConfigurationReference = D6A7A8124B23447DA65BC0DE /* Pods-AeroGear-iOSTests.xcconfig */;
			buildSettings = {
				FRAMEWORK_SEARCH_PATHS = (
					"\"$(SDKROOT)/Developer/Library/Frameworks\"",
					"\"$(DEVELOPER_LIBRARY_DIR)/Frameworks\"",
				);
				GCC_PRECOMPILE_PREFIX_HEADER = YES;
				GCC_PREFIX_HEADER = "AeroGear-iOS/AeroGear-iOS-Prefix.pch";
				INFOPLIST_FILE = "AeroGear-iOSTests/AeroGear-iOSTests-Info.plist";
				PRODUCT_NAME = "$(TARGET_NAME)";
				WRAPPER_EXTENSION = octest;
			};
			name = Release;
		};
/* End XCBuildConfiguration section */

/* Begin XCConfigurationList section */
		57737FD315E3D01D006B97BB /* Build configuration list for PBXProject "AeroGear-iOS" */ = {
			isa = XCConfigurationList;
			buildConfigurations = (
				57737FFC15E3D01D006B97BB /* Debug */,
				57737FFD15E3D01D006B97BB /* Release */,
			);
			defaultConfigurationIsVisible = 0;
			defaultConfigurationName = Release;
		};
		57737FFE15E3D01D006B97BB /* Build configuration list for PBXNativeTarget "AeroGear-iOS" */ = {
			isa = XCConfigurationList;
			buildConfigurations = (
				57737FFF15E3D01D006B97BB /* Debug */,
				5773800015E3D01D006B97BB /* Release */,
			);
			defaultConfigurationIsVisible = 0;
			defaultConfigurationName = Release;
		};
		5773800115E3D01D006B97BB /* Build configuration list for PBXNativeTarget "AeroGear-iOSTests" */ = {
			isa = XCConfigurationList;
			buildConfigurations = (
				5773800215E3D01D006B97BB /* Debug */,
				5773800315E3D01D006B97BB /* Release */,
			);
			defaultConfigurationIsVisible = 0;
			defaultConfigurationName = Release;
		};
/* End XCConfigurationList section */
	};
	rootObject = 57737FD015E3D01D006B97BB /* Project object */;
}
