// !$*UTF8*$!
{
	archiveVersion = 1;
	classes = {
	};
	objectVersion = 46;
	objects = {

/* Begin PBXBuildFile section */
		08D43362329A46488E585071 /* libPods.a in Frameworks */ = {isa = PBXBuildFile; fileRef = 65D1DA06FAB24A18AB6A5963 /* libPods.a */; };
		1D0A1358119648AFB949959A /* libPods-AeroGear-iOSTests.a in Frameworks */ = {isa = PBXBuildFile; fileRef = E065C8DDD305422BBB3237D5 /* libPods-AeroGear-iOSTests.a */; };
		570B908616231D1100426BA7 /* AGRestAuthenticationTests.m in Sources */ = {isa = PBXBuildFile; fileRef = 570B908516231D1100426BA7 /* AGRestAuthenticationTests.m */; };
		570B908A1624360600426BA7 /* AGAuthenticatorTests.m in Sources */ = {isa = PBXBuildFile; fileRef = 570B90891624360600426BA7 /* AGAuthenticatorTests.m */; };
		571DBACB1610715800A0A3A6 /* AGMemoryStorage.m in Sources */ = {isa = PBXBuildFile; fileRef = 571DBACA1610715800A0A3A6 /* AGMemoryStorage.m */; };
		571DBACF161071BF00A0A3A6 /* AGBaseStorage.m in Sources */ = {isa = PBXBuildFile; fileRef = 571DBACE161071BF00A0A3A6 /* AGBaseStorage.m */; };
		571DBAD51610C3D700A0A3A6 /* AGMemoryStorageSpec.m in Sources */ = {isa = PBXBuildFile; fileRef = 571DBAD41610C3D700A0A3A6 /* AGMemoryStorageSpec.m */; };
		57277DFF164131FA00C50DC5 /* AGStoreConfiguration.m in Sources */ = {isa = PBXBuildFile; fileRef = 57277DFE164131FA00C50DC5 /* AGStoreConfiguration.m */; };
		57277E111641364300C50DC5 /* AGAuthConfiguration.m in Sources */ = {isa = PBXBuildFile; fileRef = 57277E101641364300C50DC5 /* AGAuthConfiguration.m */; };
		5732142B16451B5E00836D8E /* AGConfig.h in CopyFiles */ = {isa = PBXBuildFile; fileRef = 57C2616116402B2D00793C0F /* AGConfig.h */; };
		5732142C16451B6400836D8E /* AGStore.h in CopyFiles */ = {isa = PBXBuildFile; fileRef = 57ED1453160B566200881924 /* AGStore.h */; };
		5732142D16451B6800836D8E /* AGDataManager.h in CopyFiles */ = {isa = PBXBuildFile; fileRef = 57ED144C160B490F00881924 /* AGDataManager.h */; };
		5732142E16451B7300836D8E /* AGStoreConfig.h in CopyFiles */ = {isa = PBXBuildFile; fileRef = 57277DF51641317100C50DC5 /* AGStoreConfig.h */; };
		5732142F16451B7C00836D8E /* AGPipe.h in CopyFiles */ = {isa = PBXBuildFile; fileRef = 573CBD9615E3ECA80071E7A6 /* AGPipe.h */; };
		5732143016451B8100836D8E /* AGPipeline.h in CopyFiles */ = {isa = PBXBuildFile; fileRef = 573CBD9815E3ECB60071E7A6 /* AGPipeline.h */; };
		5732143116451B8700836D8E /* AGPipeConfig.h in CopyFiles */ = {isa = PBXBuildFile; fileRef = 57C2616216402B3C00793C0F /* AGPipeConfig.h */; };
		5732143216451B8F00836D8E /* AGAuthenticator.h in CopyFiles */ = {isa = PBXBuildFile; fileRef = 573B709B161DA2AE009F0452 /* AGAuthenticator.h */; };
		5732143316451B9600836D8E /* AGAuthenticationModule.h in CopyFiles */ = {isa = PBXBuildFile; fileRef = 573B709A161DA29A009F0452 /* AGAuthenticationModule.h */; };
		5732143416451BA200836D8E /* AGAuthConfig.h in CopyFiles */ = {isa = PBXBuildFile; fileRef = 57277E0D1641362D00C50DC5 /* AGAuthConfig.h */; };
		5732143516451BB400836D8E /* AeroGear.h in CopyFiles */ = {isa = PBXBuildFile; fileRef = 573CBD9E15E3EE1F0071E7A6 /* AeroGear.h */; };
		57345BD815E3D18600B74FEB /* AGHttpClient.m in Sources */ = {isa = PBXBuildFile; fileRef = 57345BD715E3D18600B74FEB /* AGHttpClient.m */; };
		57345BDC15E3D1DF00B74FEB /* AGHttpClientTests.m in Sources */ = {isa = PBXBuildFile; fileRef = 57345BDB15E3D1DF00B74FEB /* AGHttpClientTests.m */; };
		573B709D161DA2AE009F0452 /* AGAuthenticator.m in Sources */ = {isa = PBXBuildFile; fileRef = 573B709C161DA2AE009F0452 /* AGAuthenticator.m */; };
		573B70A1161DDD1C009F0452 /* AGRestAuthentication.m in Sources */ = {isa = PBXBuildFile; fileRef = 573B70A0161DDD1C009F0452 /* AGRestAuthentication.m */; };
		573CBD9A15E3ECB60071E7A6 /* AGPipeline.m in Sources */ = {isa = PBXBuildFile; fileRef = 573CBD9915E3ECB60071E7A6 /* AGPipeline.m */; };
		573CBD9D15E3ED7F0071E7A6 /* AGRESTPipe.m in Sources */ = {isa = PBXBuildFile; fileRef = 573CBD9C15E3ED7F0071E7A6 /* AGRESTPipe.m */; };
		573CBDA115E4CEDD0071E7A6 /* AGPipelineTests.m in Sources */ = {isa = PBXBuildFile; fileRef = 573CBDA015E4CEDD0071E7A6 /* AGPipelineTests.m */; };
		573CBDA415E4F31B0071E7A6 /* AGPipelineSpec.m in Sources */ = {isa = PBXBuildFile; fileRef = 573CBDA315E4F31B0071E7A6 /* AGPipelineSpec.m */; };
		573CBDAA15E546A20071E7A6 /* AGRestAdapterTests.m in Sources */ = {isa = PBXBuildFile; fileRef = 573CBDA915E546A20071E7A6 /* AGRestAdapterTests.m */; };
		573CBDAD15E546B70071E7A6 /* AGRestAdapterSpec.m in Sources */ = {isa = PBXBuildFile; fileRef = 573CBDAC15E546B70071E7A6 /* AGRestAdapterSpec.m */; };
		57737FDD15E3D01D006B97BB /* Foundation.framework in Frameworks */ = {isa = PBXBuildFile; fileRef = 57737FDC15E3D01D006B97BB /* Foundation.framework */; };
		57737FEC15E3D01D006B97BB /* SenTestingKit.framework in Frameworks */ = {isa = PBXBuildFile; fileRef = 57737FEB15E3D01D006B97BB /* SenTestingKit.framework */; };
		57737FEE15E3D01D006B97BB /* UIKit.framework in Frameworks */ = {isa = PBXBuildFile; fileRef = 57737FED15E3D01D006B97BB /* UIKit.framework */; };
		57737FEF15E3D01D006B97BB /* Foundation.framework in Frameworks */ = {isa = PBXBuildFile; fileRef = 57737FDC15E3D01D006B97BB /* Foundation.framework */; };
		57737FF215E3D01D006B97BB /* libAeroGear-iOS.a in Frameworks */ = {isa = PBXBuildFile; fileRef = 57737FD915E3D01D006B97BB /* libAeroGear-iOS.a */; };
		57737FF815E3D01D006B97BB /* InfoPlist.strings in Resources */ = {isa = PBXBuildFile; fileRef = 57737FF615E3D01D006B97BB /* InfoPlist.strings */; };
		57C2616516402B8900793C0F /* AGPipeConfiguration.m in Sources */ = {isa = PBXBuildFile; fileRef = 57C2616416402B8900793C0F /* AGPipeConfiguration.m */; };
		57DCDB8415F20E4800289EA4 /* AGBaseAdapter.m in Sources */ = {isa = PBXBuildFile; fileRef = 57DCDB8315F20E4800289EA4 /* AGBaseAdapter.m */; };
		57DCDB8815F20FB700289EA4 /* AGBaseAdapterTests.m in Sources */ = {isa = PBXBuildFile; fileRef = 57DCDB8715F20FB700289EA4 /* AGBaseAdapterTests.m */; };
		57ED144E160B490F00881924 /* AGDataManager.m in Sources */ = {isa = PBXBuildFile; fileRef = 57ED144D160B490F00881924 /* AGDataManager.m */; };
		57ED1452160B492B00881924 /* AGDataManagerTests.m in Sources */ = {isa = PBXBuildFile; fileRef = 57ED1451160B492B00881924 /* AGDataManagerTests.m */; };
		57F24DFC1601F91600A3EAD8 /* AGPipeSpec.m in Sources */ = {isa = PBXBuildFile; fileRef = 57F24DFB1601F91600A3EAD8 /* AGPipeSpec.m */; };
		6F0E7B98165F7092005E0BE5 /* AGMemoryStorageTests.m in Sources */ = {isa = PBXBuildFile; fileRef = 6F0E7B97165F7092005E0BE5 /* AGMemoryStorageTests.m */; };
		6F14F191170EDA02001E14BA /* AGPageBodyExtractor.m in Sources */ = {isa = PBXBuildFile; fileRef = 6F14F18B170EDA02001E14BA /* AGPageBodyExtractor.m */; };
		6F14F192170EDA02001E14BA /* AGPageHeaderExtractor.m in Sources */ = {isa = PBXBuildFile; fileRef = 6F14F18D170EDA02001E14BA /* AGPageHeaderExtractor.m */; };
		6F14F193170EDA02001E14BA /* AGPageWebLinkingExtractor.m in Sources */ = {isa = PBXBuildFile; fileRef = 6F14F190170EDA02001E14BA /* AGPageWebLinkingExtractor.m */; };
		6F693EAF171FEB4900E1DB63 /* AGPageBodyExtractorTests.m in Sources */ = {isa = PBXBuildFile; fileRef = 6F693EAE171FEB4900E1DB63 /* AGPageBodyExtractorTests.m */; };
		6F693EB2171FF6BA00E1DB63 /* AGPageHeaderExtractorTests.m in Sources */ = {isa = PBXBuildFile; fileRef = 6F693EB1171FF6BA00E1DB63 /* AGPageHeaderExtractorTests.m */; };
		6F693EB5171FFBED00E1DB63 /* AGPageWebLinkingExtractorTests.m in Sources */ = {isa = PBXBuildFile; fileRef = 6F693EB4171FFBED00E1DB63 /* AGPageWebLinkingExtractorTests.m */; };
		6F6F23A31665212A00006155 /* AGMockURLProtocol.m in Sources */ = {isa = PBXBuildFile; fileRef = 6F6F23A21665212A00006155 /* AGMockURLProtocol.m */; };
		6F7B5EED17325A7D00ED4F83 /* AGPageConfiguration.m in Sources */ = {isa = PBXBuildFile; fileRef = 6F7B5EEC17325A7D00ED4F83 /* AGPageConfiguration.m */; };
		6F7B5EF017326E0A00ED4F83 /* AGPageConfigSpec.m in Sources */ = {isa = PBXBuildFile; fileRef = 6F7B5EEF17326E0A00ED4F83 /* AGPageConfigSpec.m */; };
		6FA3FFF016B176D900BD6C56 /* AGPaginationTests.m in Sources */ = {isa = PBXBuildFile; fileRef = 6FA3FFEF16B176D900BD6C56 /* AGPaginationTests.m */; };
		6FC562E2169ECE94000D7A43 /* AGPropertyListStorageTests.m in Sources */ = {isa = PBXBuildFile; fileRef = 6FC562E1169ECE94000D7A43 /* AGPropertyListStorageTests.m */; };
		6FC8F192172FC84F00905C2F /* AGPageBaseExtractor.m in Sources */ = {isa = PBXBuildFile; fileRef = 6FC8F191172FC84F00905C2F /* AGPageBaseExtractor.m */; };
		6FC8F195172FCA7300905C2F /* AGPageBaseExtractorTests.m in Sources */ = {isa = PBXBuildFile; fileRef = 6FC8F194172FCA7200905C2F /* AGPageBaseExtractorTests.m */; };
		6FE55675169DE7C800E6188E /* AGPropertyListStorage.m in Sources */ = {isa = PBXBuildFile; fileRef = 6FE55674169DE7C800E6188E /* AGPropertyListStorage.m */; };
		A0A37AD316AE905F00979868 /* AGPipeConfigSpec.m in Sources */ = {isa = PBXBuildFile; fileRef = A0A37AD216AE905F00979868 /* AGPipeConfigSpec.m */; };
		A0A37ADA16AEAEDE00979868 /* AGNSMutableArray+Paging.m in Sources */ = {isa = PBXBuildFile; fileRef = A0A37AD916AEAEDE00979868 /* AGNSMutableArray+Paging.m */; };
		A0CACD3416B054D00016A827 /* AGHttpClientMockTests.m in Sources */ = {isa = PBXBuildFile; fileRef = A0CACD3316B054D00016A827 /* AGHttpClientMockTests.m */; };
/* End PBXBuildFile section */

/* Begin PBXContainerItemProxy section */
		57737FF015E3D01D006B97BB /* PBXContainerItemProxy */ = {
			isa = PBXContainerItemProxy;
			containerPortal = 57737FD015E3D01D006B97BB /* Project object */;
			proxyType = 1;
			remoteGlobalIDString = 57737FD815E3D01D006B97BB;
			remoteInfo = "AeroGear-iOS";
		};
/* End PBXContainerItemProxy section */

/* Begin PBXCopyFilesBuildPhase section */
		57737FD715E3D01D006B97BB /* CopyFiles */ = {
			isa = PBXCopyFilesBuildPhase;
			buildActionMask = 2147483647;
			dstPath = "include/${PRODUCT_NAME}";
			dstSubfolderSpec = 16;
			files = (
				5732143516451BB400836D8E /* AeroGear.h in CopyFiles */,
				5732143416451BA200836D8E /* AGAuthConfig.h in CopyFiles */,
				5732143316451B9600836D8E /* AGAuthenticationModule.h in CopyFiles */,
				5732143216451B8F00836D8E /* AGAuthenticator.h in CopyFiles */,
				5732143116451B8700836D8E /* AGPipeConfig.h in CopyFiles */,
				5732143016451B8100836D8E /* AGPipeline.h in CopyFiles */,
				5732142F16451B7C00836D8E /* AGPipe.h in CopyFiles */,
				5732142E16451B7300836D8E /* AGStoreConfig.h in CopyFiles */,
				5732142D16451B6800836D8E /* AGDataManager.h in CopyFiles */,
				5732142C16451B6400836D8E /* AGStore.h in CopyFiles */,
				5732142B16451B5E00836D8E /* AGConfig.h in CopyFiles */,
			);
			runOnlyForDeploymentPostprocessing = 0;
		};
/* End PBXCopyFilesBuildPhase section */

/* Begin PBXFileReference section */
		570B908516231D1100426BA7 /* AGRestAuthenticationTests.m */ = {isa = PBXFileReference; fileEncoding = 4; lastKnownFileType = sourcecode.c.objc; path = AGRestAuthenticationTests.m; sourceTree = "<group>"; };
		570B90891624360600426BA7 /* AGAuthenticatorTests.m */ = {isa = PBXFileReference; fileEncoding = 4; lastKnownFileType = sourcecode.c.objc; path = AGAuthenticatorTests.m; sourceTree = "<group>"; };
		571DBAC91610715800A0A3A6 /* AGMemoryStorage.h */ = {isa = PBXFileReference; fileEncoding = 4; lastKnownFileType = sourcecode.c.h; name = AGMemoryStorage.h; path = datamanager/AGMemoryStorage.h; sourceTree = "<group>"; };
		571DBACA1610715800A0A3A6 /* AGMemoryStorage.m */ = {isa = PBXFileReference; fileEncoding = 4; lastKnownFileType = sourcecode.c.objc; name = AGMemoryStorage.m; path = datamanager/AGMemoryStorage.m; sourceTree = "<group>"; };
		571DBACD161071BF00A0A3A6 /* AGBaseStorage.h */ = {isa = PBXFileReference; fileEncoding = 4; lastKnownFileType = sourcecode.c.h; name = AGBaseStorage.h; path = datamanager/AGBaseStorage.h; sourceTree = "<group>"; };
		571DBACE161071BF00A0A3A6 /* AGBaseStorage.m */ = {isa = PBXFileReference; fileEncoding = 4; lastKnownFileType = sourcecode.c.objc; name = AGBaseStorage.m; path = datamanager/AGBaseStorage.m; sourceTree = "<group>"; };
		571DBAD41610C3D700A0A3A6 /* AGMemoryStorageSpec.m */ = {isa = PBXFileReference; fileEncoding = 4; lastKnownFileType = sourcecode.c.objc; path = AGMemoryStorageSpec.m; sourceTree = "<group>"; };
		57277DF51641317100C50DC5 /* AGStoreConfig.h */ = {isa = PBXFileReference; lastKnownFileType = sourcecode.c.h; name = AGStoreConfig.h; path = datamanager/AGStoreConfig.h; sourceTree = "<group>"; };
		57277DFD164131FA00C50DC5 /* AGStoreConfiguration.h */ = {isa = PBXFileReference; fileEncoding = 4; lastKnownFileType = sourcecode.c.h; name = AGStoreConfiguration.h; path = datamanager/AGStoreConfiguration.h; sourceTree = "<group>"; };
		57277DFE164131FA00C50DC5 /* AGStoreConfiguration.m */ = {isa = PBXFileReference; fileEncoding = 4; lastKnownFileType = sourcecode.c.objc; name = AGStoreConfiguration.m; path = datamanager/AGStoreConfiguration.m; sourceTree = "<group>"; };
		57277E0D1641362D00C50DC5 /* AGAuthConfig.h */ = {isa = PBXFileReference; lastKnownFileType = sourcecode.c.h; name = AGAuthConfig.h; path = security/AGAuthConfig.h; sourceTree = "<group>"; };
		57277E0F1641364300C50DC5 /* AGAuthConfiguration.h */ = {isa = PBXFileReference; fileEncoding = 4; lastKnownFileType = sourcecode.c.h; name = AGAuthConfiguration.h; path = security/AGAuthConfiguration.h; sourceTree = "<group>"; };
		57277E101641364300C50DC5 /* AGAuthConfiguration.m */ = {isa = PBXFileReference; fileEncoding = 4; lastKnownFileType = sourcecode.c.objc; name = AGAuthConfiguration.m; path = security/AGAuthConfiguration.m; sourceTree = "<group>"; };
		57345BD615E3D18600B74FEB /* AGHttpClient.h */ = {isa = PBXFileReference; fileEncoding = 4; lastKnownFileType = sourcecode.c.h; name = AGHttpClient.h; path = core/AGHttpClient.h; sourceTree = "<group>"; };
		57345BD715E3D18600B74FEB /* AGHttpClient.m */ = {isa = PBXFileReference; fileEncoding = 4; lastKnownFileType = sourcecode.c.objc; name = AGHttpClient.m; path = core/AGHttpClient.m; sourceTree = "<group>"; };
		57345BDB15E3D1DF00B74FEB /* AGHttpClientTests.m */ = {isa = PBXFileReference; fileEncoding = 4; lastKnownFileType = sourcecode.c.objc; path = AGHttpClientTests.m; sourceTree = "<group>"; };
		573B709A161DA29A009F0452 /* AGAuthenticationModule.h */ = {isa = PBXFileReference; fileEncoding = 4; lastKnownFileType = sourcecode.c.h; name = AGAuthenticationModule.h; path = security/AGAuthenticationModule.h; sourceTree = "<group>"; };
		573B709B161DA2AE009F0452 /* AGAuthenticator.h */ = {isa = PBXFileReference; fileEncoding = 4; lastKnownFileType = sourcecode.c.h; name = AGAuthenticator.h; path = security/AGAuthenticator.h; sourceTree = "<group>"; };
		573B709C161DA2AE009F0452 /* AGAuthenticator.m */ = {isa = PBXFileReference; fileEncoding = 4; lastKnownFileType = sourcecode.c.objc; name = AGAuthenticator.m; path = security/AGAuthenticator.m; sourceTree = "<group>"; };
		573B709E161DDB5E009F0452 /* AGAuthenticationModuleAdapter.h */ = {isa = PBXFileReference; fileEncoding = 4; lastKnownFileType = sourcecode.c.h; name = AGAuthenticationModuleAdapter.h; path = security/AGAuthenticationModuleAdapter.h; sourceTree = "<group>"; };
		573B709F161DDD1C009F0452 /* AGRestAuthentication.h */ = {isa = PBXFileReference; fileEncoding = 4; lastKnownFileType = sourcecode.c.h; name = AGRestAuthentication.h; path = security/AGRestAuthentication.h; sourceTree = "<group>"; };
		573B70A0161DDD1C009F0452 /* AGRestAuthentication.m */ = {isa = PBXFileReference; fileEncoding = 4; lastKnownFileType = sourcecode.c.objc; name = AGRestAuthentication.m; path = security/AGRestAuthentication.m; sourceTree = "<group>"; };
		573CBD9615E3ECA80071E7A6 /* AGPipe.h */ = {isa = PBXFileReference; fileEncoding = 4; lastKnownFileType = sourcecode.c.h; name = AGPipe.h; path = pipeline/AGPipe.h; sourceTree = "<group>"; };
		573CBD9815E3ECB60071E7A6 /* AGPipeline.h */ = {isa = PBXFileReference; fileEncoding = 4; lastKnownFileType = sourcecode.c.h; name = AGPipeline.h; path = pipeline/AGPipeline.h; sourceTree = "<group>"; };
		573CBD9915E3ECB60071E7A6 /* AGPipeline.m */ = {isa = PBXFileReference; fileEncoding = 4; lastKnownFileType = sourcecode.c.objc; name = AGPipeline.m; path = pipeline/AGPipeline.m; sourceTree = "<group>"; };
		573CBD9B15E3ED7F0071E7A6 /* AGRESTPipe.h */ = {isa = PBXFileReference; fileEncoding = 4; lastKnownFileType = sourcecode.c.h; name = AGRESTPipe.h; path = pipeline/AGRESTPipe.h; sourceTree = "<group>"; };
		573CBD9C15E3ED7F0071E7A6 /* AGRESTPipe.m */ = {isa = PBXFileReference; fileEncoding = 4; lastKnownFileType = sourcecode.c.objc; name = AGRESTPipe.m; path = pipeline/AGRESTPipe.m; sourceTree = "<group>"; };
		573CBD9E15E3EE1F0071E7A6 /* AeroGear.h */ = {isa = PBXFileReference; fileEncoding = 4; lastKnownFileType = sourcecode.c.h; path = AeroGear.h; sourceTree = "<group>"; };
		573CBDA015E4CEDD0071E7A6 /* AGPipelineTests.m */ = {isa = PBXFileReference; fileEncoding = 4; lastKnownFileType = sourcecode.c.objc; path = AGPipelineTests.m; sourceTree = "<group>"; };
		573CBDA315E4F31B0071E7A6 /* AGPipelineSpec.m */ = {isa = PBXFileReference; fileEncoding = 4; lastKnownFileType = sourcecode.c.objc; path = AGPipelineSpec.m; sourceTree = "<group>"; };
		573CBDA715E51C120071E7A6 /* AGAdapter.h */ = {isa = PBXFileReference; fileEncoding = 4; lastKnownFileType = sourcecode.c.h; name = AGAdapter.h; path = utils/AGAdapter.h; sourceTree = "<group>"; };
		573CBDA915E546A20071E7A6 /* AGRestAdapterTests.m */ = {isa = PBXFileReference; fileEncoding = 4; lastKnownFileType = sourcecode.c.objc; path = AGRestAdapterTests.m; sourceTree = "<group>"; };
		573CBDAC15E546B70071E7A6 /* AGRestAdapterSpec.m */ = {isa = PBXFileReference; fileEncoding = 4; lastKnownFileType = sourcecode.c.objc; path = AGRestAdapterSpec.m; sourceTree = "<group>"; };
		57737FD915E3D01D006B97BB /* libAeroGear-iOS.a */ = {isa = PBXFileReference; explicitFileType = archive.ar; includeInIndex = 0; path = "libAeroGear-iOS.a"; sourceTree = BUILT_PRODUCTS_DIR; };
		57737FDC15E3D01D006B97BB /* Foundation.framework */ = {isa = PBXFileReference; includeInIndex = 1; lastKnownFileType = wrapper.framework; name = Foundation.framework; path = System/Library/Frameworks/Foundation.framework; sourceTree = SDKROOT; };
		57737FE015E3D01D006B97BB /* AeroGear-iOS-Prefix.pch */ = {isa = PBXFileReference; lastKnownFileType = sourcecode.c.h; path = "AeroGear-iOS-Prefix.pch"; sourceTree = "<group>"; };
		57737FEA15E3D01D006B97BB /* AeroGear-iOSTests.octest */ = {isa = PBXFileReference; explicitFileType = wrapper.cfbundle; includeInIndex = 0; path = "AeroGear-iOSTests.octest"; sourceTree = BUILT_PRODUCTS_DIR; };
		57737FEB15E3D01D006B97BB /* SenTestingKit.framework */ = {isa = PBXFileReference; includeInIndex = 1; lastKnownFileType = wrapper.framework; name = SenTestingKit.framework; path = Library/Frameworks/SenTestingKit.framework; sourceTree = DEVELOPER_DIR; };
		57737FED15E3D01D006B97BB /* UIKit.framework */ = {isa = PBXFileReference; includeInIndex = 1; lastKnownFileType = wrapper.framework; name = UIKit.framework; path = Library/Frameworks/UIKit.framework; sourceTree = DEVELOPER_DIR; };
		57737FF515E3D01D006B97BB /* AeroGear-iOSTests-Info.plist */ = {isa = PBXFileReference; lastKnownFileType = text.plist.xml; path = "AeroGear-iOSTests-Info.plist"; sourceTree = "<group>"; };
		57737FF715E3D01D006B97BB /* en */ = {isa = PBXFileReference; lastKnownFileType = text.plist.strings; name = en; path = en.lproj/InfoPlist.strings; sourceTree = "<group>"; };
		57C2616116402B2D00793C0F /* AGConfig.h */ = {isa = PBXFileReference; fileEncoding = 4; lastKnownFileType = sourcecode.c.h; name = AGConfig.h; path = config/AGConfig.h; sourceTree = "<group>"; };
		57C2616216402B3C00793C0F /* AGPipeConfig.h */ = {isa = PBXFileReference; lastKnownFileType = sourcecode.c.h; name = AGPipeConfig.h; path = pipeline/AGPipeConfig.h; sourceTree = "<group>"; };
		57C2616316402B8900793C0F /* AGPipeConfiguration.h */ = {isa = PBXFileReference; fileEncoding = 4; lastKnownFileType = sourcecode.c.h; name = AGPipeConfiguration.h; path = pipeline/AGPipeConfiguration.h; sourceTree = "<group>"; };
		57C2616416402B8900793C0F /* AGPipeConfiguration.m */ = {isa = PBXFileReference; fileEncoding = 4; lastKnownFileType = sourcecode.c.objc; name = AGPipeConfiguration.m; path = pipeline/AGPipeConfiguration.m; sourceTree = "<group>"; };
		57DCDB8215F20E4800289EA4 /* AGBaseAdapter.h */ = {isa = PBXFileReference; fileEncoding = 4; lastKnownFileType = sourcecode.c.h; name = AGBaseAdapter.h; path = utils/AGBaseAdapter.h; sourceTree = "<group>"; };
		57DCDB8315F20E4800289EA4 /* AGBaseAdapter.m */ = {isa = PBXFileReference; fileEncoding = 4; lastKnownFileType = sourcecode.c.objc; name = AGBaseAdapter.m; path = utils/AGBaseAdapter.m; sourceTree = "<group>"; };
		57DCDB8715F20FB700289EA4 /* AGBaseAdapterTests.m */ = {isa = PBXFileReference; fileEncoding = 4; lastKnownFileType = sourcecode.c.objc; path = AGBaseAdapterTests.m; sourceTree = "<group>"; };
		57ED144C160B490F00881924 /* AGDataManager.h */ = {isa = PBXFileReference; fileEncoding = 4; lastKnownFileType = sourcecode.c.h; name = AGDataManager.h; path = datamanager/AGDataManager.h; sourceTree = "<group>"; };
		57ED144D160B490F00881924 /* AGDataManager.m */ = {isa = PBXFileReference; fileEncoding = 4; lastKnownFileType = sourcecode.c.objc; name = AGDataManager.m; path = datamanager/AGDataManager.m; sourceTree = "<group>"; };
		57ED1451160B492B00881924 /* AGDataManagerTests.m */ = {isa = PBXFileReference; fileEncoding = 4; lastKnownFileType = sourcecode.c.objc; path = AGDataManagerTests.m; sourceTree = "<group>"; };
		57ED1453160B566200881924 /* AGStore.h */ = {isa = PBXFileReference; fileEncoding = 4; lastKnownFileType = sourcecode.c.h; name = AGStore.h; path = datamanager/AGStore.h; sourceTree = "<group>"; };
		57F24DFB1601F91600A3EAD8 /* AGPipeSpec.m */ = {isa = PBXFileReference; fileEncoding = 4; lastKnownFileType = sourcecode.c.objc; path = AGPipeSpec.m; sourceTree = "<group>"; };
		65D1DA06FAB24A18AB6A5963 /* libPods.a */ = {isa = PBXFileReference; explicitFileType = archive.ar; includeInIndex = 0; path = libPods.a; sourceTree = BUILT_PRODUCTS_DIR; };
		6F0E7B97165F7092005E0BE5 /* AGMemoryStorageTests.m */ = {isa = PBXFileReference; fileEncoding = 4; lastKnownFileType = sourcecode.c.objc; path = AGMemoryStorageTests.m; sourceTree = "<group>"; };
		6F14F18A170EDA02001E14BA /* AGPageBodyExtractor.h */ = {isa = PBXFileReference; fileEncoding = 4; lastKnownFileType = sourcecode.c.h; name = AGPageBodyExtractor.h; path = pipeline/paging/AGPageBodyExtractor.h; sourceTree = "<group>"; };
		6F14F18B170EDA02001E14BA /* AGPageBodyExtractor.m */ = {isa = PBXFileReference; fileEncoding = 4; lastKnownFileType = sourcecode.c.objc; name = AGPageBodyExtractor.m; path = pipeline/paging/AGPageBodyExtractor.m; sourceTree = "<group>"; };
		6F14F18C170EDA02001E14BA /* AGPageHeaderExtractor.h */ = {isa = PBXFileReference; fileEncoding = 4; lastKnownFileType = sourcecode.c.h; name = AGPageHeaderExtractor.h; path = pipeline/paging/AGPageHeaderExtractor.h; sourceTree = "<group>"; };
		6F14F18D170EDA02001E14BA /* AGPageHeaderExtractor.m */ = {isa = PBXFileReference; fileEncoding = 4; lastKnownFileType = sourcecode.c.objc; name = AGPageHeaderExtractor.m; path = pipeline/paging/AGPageHeaderExtractor.m; sourceTree = "<group>"; };
		6F14F18E170EDA02001E14BA /* AGPageParameterExtractor.h */ = {isa = PBXFileReference; fileEncoding = 4; lastKnownFileType = sourcecode.c.h; name = AGPageParameterExtractor.h; path = pipeline/paging/AGPageParameterExtractor.h; sourceTree = "<group>"; };
		6F14F18F170EDA02001E14BA /* AGPageWebLinkingExtractor.h */ = {isa = PBXFileReference; fileEncoding = 4; lastKnownFileType = sourcecode.c.h; name = AGPageWebLinkingExtractor.h; path = pipeline/paging/AGPageWebLinkingExtractor.h; sourceTree = "<group>"; };
		6F14F190170EDA02001E14BA /* AGPageWebLinkingExtractor.m */ = {isa = PBXFileReference; fileEncoding = 4; lastKnownFileType = sourcecode.c.objc; name = AGPageWebLinkingExtractor.m; path = pipeline/paging/AGPageWebLinkingExtractor.m; sourceTree = "<group>"; };
		6F693EAE171FEB4900E1DB63 /* AGPageBodyExtractorTests.m */ = {isa = PBXFileReference; fileEncoding = 4; lastKnownFileType = sourcecode.c.objc; path = AGPageBodyExtractorTests.m; sourceTree = "<group>"; };
		6F693EB1171FF6BA00E1DB63 /* AGPageHeaderExtractorTests.m */ = {isa = PBXFileReference; fileEncoding = 4; lastKnownFileType = sourcecode.c.objc; path = AGPageHeaderExtractorTests.m; sourceTree = "<group>"; };
		6F693EB4171FFBED00E1DB63 /* AGPageWebLinkingExtractorTests.m */ = {isa = PBXFileReference; fileEncoding = 4; lastKnownFileType = sourcecode.c.objc; path = AGPageWebLinkingExtractorTests.m; sourceTree = "<group>"; };
		6F6F23A11665212A00006155 /* AGMockURLProtocol.h */ = {isa = PBXFileReference; fileEncoding = 4; lastKnownFileType = sourcecode.c.h; name = AGMockURLProtocol.h; path = utils/AGMockURLProtocol.h; sourceTree = "<group>"; };
		6F6F23A21665212A00006155 /* AGMockURLProtocol.m */ = {isa = PBXFileReference; fileEncoding = 4; lastKnownFileType = sourcecode.c.objc; name = AGMockURLProtocol.m; path = utils/AGMockURLProtocol.m; sourceTree = "<group>"; };
		6F7B5EE8173259AA00ED4F83 /* AGPageConfig.h */ = {isa = PBXFileReference; fileEncoding = 4; lastKnownFileType = sourcecode.c.h; name = AGPageConfig.h; path = pipeline/paging/AGPageConfig.h; sourceTree = "<group>"; };
		6F7B5EEB17325A7D00ED4F83 /* AGPageConfiguration.h */ = {isa = PBXFileReference; fileEncoding = 4; lastKnownFileType = sourcecode.c.h; name = AGPageConfiguration.h; path = pipeline/paging/AGPageConfiguration.h; sourceTree = "<group>"; };
		6F7B5EEC17325A7D00ED4F83 /* AGPageConfiguration.m */ = {isa = PBXFileReference; fileEncoding = 4; lastKnownFileType = sourcecode.c.objc; name = AGPageConfiguration.m; path = pipeline/paging/AGPageConfiguration.m; sourceTree = "<group>"; };
		6F7B5EEF17326E0A00ED4F83 /* AGPageConfigSpec.m */ = {isa = PBXFileReference; fileEncoding = 4; lastKnownFileType = sourcecode.c.objc; path = AGPageConfigSpec.m; sourceTree = "<group>"; };
		6FA3FFEF16B176D900BD6C56 /* AGPaginationTests.m */ = {isa = PBXFileReference; fileEncoding = 4; lastKnownFileType = sourcecode.c.objc; path = AGPaginationTests.m; sourceTree = "<group>"; };
		6FC562E1169ECE94000D7A43 /* AGPropertyListStorageTests.m */ = {isa = PBXFileReference; fileEncoding = 4; lastKnownFileType = sourcecode.c.objc; path = AGPropertyListStorageTests.m; sourceTree = "<group>"; };
		6FC8F190172FC84F00905C2F /* AGPageBaseExtractor.h */ = {isa = PBXFileReference; fileEncoding = 4; lastKnownFileType = sourcecode.c.h; name = AGPageBaseExtractor.h; path = pipeline/paging/AGPageBaseExtractor.h; sourceTree = "<group>"; };
		6FC8F191172FC84F00905C2F /* AGPageBaseExtractor.m */ = {isa = PBXFileReference; fileEncoding = 4; lastKnownFileType = sourcecode.c.objc; name = AGPageBaseExtractor.m; path = pipeline/paging/AGPageBaseExtractor.m; sourceTree = "<group>"; };
		6FC8F194172FCA7200905C2F /* AGPageBaseExtractorTests.m */ = {isa = PBXFileReference; fileEncoding = 4; lastKnownFileType = sourcecode.c.objc; path = AGPageBaseExtractorTests.m; sourceTree = "<group>"; };
		6FE55673169DE5D900E6188E /* AGPropertyListStorage.h */ = {isa = PBXFileReference; fileEncoding = 4; lastKnownFileType = sourcecode.c.h; name = AGPropertyListStorage.h; path = datamanager/AGPropertyListStorage.h; sourceTree = "<group>"; };
		6FE55674169DE7C800E6188E /* AGPropertyListStorage.m */ = {isa = PBXFileReference; fileEncoding = 4; lastKnownFileType = sourcecode.c.objc; name = AGPropertyListStorage.m; path = datamanager/AGPropertyListStorage.m; sourceTree = "<group>"; };
		A0A37AD216AE905F00979868 /* AGPipeConfigSpec.m */ = {isa = PBXFileReference; fileEncoding = 4; lastKnownFileType = sourcecode.c.objc; path = AGPipeConfigSpec.m; sourceTree = "<group>"; };
		A0A37AD816AEAEDE00979868 /* AGNSMutableArray+Paging.h */ = {isa = PBXFileReference; fileEncoding = 4; lastKnownFileType = sourcecode.c.h; name = "AGNSMutableArray+Paging.h"; path = "pipeline/AGNSMutableArray+Paging.h"; sourceTree = "<group>"; };
		A0A37AD916AEAEDE00979868 /* AGNSMutableArray+Paging.m */ = {isa = PBXFileReference; fileEncoding = 4; lastKnownFileType = sourcecode.c.objc; name = "AGNSMutableArray+Paging.m"; path = "pipeline/AGNSMutableArray+Paging.m"; sourceTree = "<group>"; };
		A0CACD3316B054D00016A827 /* AGHttpClientMockTests.m */ = {isa = PBXFileReference; fileEncoding = 4; lastKnownFileType = sourcecode.c.objc; path = AGHttpClientMockTests.m; sourceTree = "<group>"; };
		B8AB37EC1AA3464892D758C1 /* Pods.xcconfig */ = {isa = PBXFileReference; includeInIndex = 1; lastKnownFileType = text.xcconfig; name = Pods.xcconfig; path = Pods/Pods.xcconfig; sourceTree = SOURCE_ROOT; };
		D6A7A8124B23447DA65BC0DE /* Pods-AeroGear-iOSTests.xcconfig */ = {isa = PBXFileReference; includeInIndex = 1; lastKnownFileType = text.xcconfig; name = "Pods-AeroGear-iOSTests.xcconfig"; path = "Pods/Pods-AeroGear-iOSTests.xcconfig"; sourceTree = SOURCE_ROOT; };
		DD46252015EF437500A5040C /* common.xcconfig */ = {isa = PBXFileReference; lastKnownFileType = text.xcconfig; path = common.xcconfig; sourceTree = "<group>"; };
		E065C8DDD305422BBB3237D5 /* libPods-AeroGear-iOSTests.a */ = {isa = PBXFileReference; explicitFileType = archive.ar; includeInIndex = 0; path = "libPods-AeroGear-iOSTests.a"; sourceTree = BUILT_PRODUCTS_DIR; };
/* End PBXFileReference section */

/* Begin PBXFrameworksBuildPhase section */
		57737FD615E3D01D006B97BB /* Frameworks */ = {
			isa = PBXFrameworksBuildPhase;
			buildActionMask = 2147483647;
			files = (
				57737FDD15E3D01D006B97BB /* Foundation.framework in Frameworks */,
				08D43362329A46488E585071 /* libPods.a in Frameworks */,
			);
			runOnlyForDeploymentPostprocessing = 0;
		};
		57737FE615E3D01D006B97BB /* Frameworks */ = {
			isa = PBXFrameworksBuildPhase;
			buildActionMask = 2147483647;
			files = (
				57737FEC15E3D01D006B97BB /* SenTestingKit.framework in Frameworks */,
				57737FEE15E3D01D006B97BB /* UIKit.framework in Frameworks */,
				57737FEF15E3D01D006B97BB /* Foundation.framework in Frameworks */,
				57737FF215E3D01D006B97BB /* libAeroGear-iOS.a in Frameworks */,
				1D0A1358119648AFB949959A /* libPods-AeroGear-iOSTests.a in Frameworks */,
			);
			runOnlyForDeploymentPostprocessing = 0;
		};
/* End PBXFrameworksBuildPhase section */

/* Begin PBXGroup section */
		573B7099161D9D51009F0452 /* Security */ = {
			isa = PBXGroup;
			children = (
				573B709B161DA2AE009F0452 /* AGAuthenticator.h */,
				573B709C161DA2AE009F0452 /* AGAuthenticator.m */,
				573B709A161DA29A009F0452 /* AGAuthenticationModule.h */,
				573B709E161DDB5E009F0452 /* AGAuthenticationModuleAdapter.h */,
				573B709F161DDD1C009F0452 /* AGRestAuthentication.h */,
				573B70A0161DDD1C009F0452 /* AGRestAuthentication.m */,
				57277E0D1641362D00C50DC5 /* AGAuthConfig.h */,
				57277E0F1641364300C50DC5 /* AGAuthConfiguration.h */,
				57277E101641364300C50DC5 /* AGAuthConfiguration.m */,
			);
			name = Security;
			sourceTree = "<group>";
		};
		573CBDA515E4F9000071E7A6 /* Unit Tests */ = {
			isa = PBXGroup;
			children = (
				6F6F239F1664D16200006155 /* Utils */,
				570B90891624360600426BA7 /* AGAuthenticatorTests.m */,
				A0CACD3316B054D00016A827 /* AGHttpClientMockTests.m */,
				57DCDB8715F20FB700289EA4 /* AGBaseAdapterTests.m */,
				57345BDB15E3D1DF00B74FEB /* AGHttpClientTests.m */,
				573CBDA015E4CEDD0071E7A6 /* AGPipelineTests.m */,
				573CBDA915E546A20071E7A6 /* AGRestAdapterTests.m */,
				57ED1451160B492B00881924 /* AGDataManagerTests.m */,
				6F0E7B97165F7092005E0BE5 /* AGMemoryStorageTests.m */,
				6FC562E1169ECE94000D7A43 /* AGPropertyListStorageTests.m */,
				570B908516231D1100426BA7 /* AGRestAuthenticationTests.m */,
				6FC8F194172FCA7200905C2F /* AGPageBaseExtractorTests.m */,
				6FA3FFEF16B176D900BD6C56 /* AGPaginationTests.m */,
				6F693EB1171FF6BA00E1DB63 /* AGPageHeaderExtractorTests.m */,
				6F693EAE171FEB4900E1DB63 /* AGPageBodyExtractorTests.m */,
				6F693EB4171FFBED00E1DB63 /* AGPageWebLinkingExtractorTests.m */,
			);
			name = "Unit Tests";
			sourceTree = "<group>";
		};
		573CBDA615E4F9110071E7A6 /* BDD Specs */ = {
			isa = PBXGroup;
			children = (
				573CBDA315E4F31B0071E7A6 /* AGPipelineSpec.m */,
				573CBDAC15E546B70071E7A6 /* AGRestAdapterSpec.m */,
				57F24DFB1601F91600A3EAD8 /* AGPipeSpec.m */,
				571DBAD41610C3D700A0A3A6 /* AGMemoryStorageSpec.m */,
				A0A37AD216AE905F00979868 /* AGPipeConfigSpec.m */,
				6F7B5EEF17326E0A00ED4F83 /* AGPageConfigSpec.m */,
			);
			name = "BDD Specs";
			sourceTree = "<group>";
		};
		57737FCE15E3D01D006B97BB = {
			isa = PBXGroup;
			children = (
				DD46252015EF437500A5040C /* common.xcconfig */,
				57737FDE15E3D01D006B97BB /* AeroGear-iOS */,
				57737FF315E3D01D006B97BB /* AeroGear-iOSTests */,
				57737FDB15E3D01D006B97BB /* Frameworks */,
				57737FDA15E3D01D006B97BB /* Products */,
				B8AB37EC1AA3464892D758C1 /* Pods.xcconfig */,
				D6A7A8124B23447DA65BC0DE /* Pods-AeroGear-iOSTests.xcconfig */,
			);
			sourceTree = "<group>";
		};
		57737FDA15E3D01D006B97BB /* Products */ = {
			isa = PBXGroup;
			children = (
				57737FD915E3D01D006B97BB /* libAeroGear-iOS.a */,
				57737FEA15E3D01D006B97BB /* AeroGear-iOSTests.octest */,
			);
			name = Products;
			sourceTree = "<group>";
		};
		57737FDB15E3D01D006B97BB /* Frameworks */ = {
			isa = PBXGroup;
			children = (
				57737FDC15E3D01D006B97BB /* Foundation.framework */,
				57737FEB15E3D01D006B97BB /* SenTestingKit.framework */,
				57737FED15E3D01D006B97BB /* UIKit.framework */,
				65D1DA06FAB24A18AB6A5963 /* libPods.a */,
				E065C8DDD305422BBB3237D5 /* libPods-AeroGear-iOSTests.a */,
			);
			name = Frameworks;
			sourceTree = "<group>";
		};
		57737FDE15E3D01D006B97BB /* AeroGear-iOS */ = {
			isa = PBXGroup;
			children = (
				57737FDF15E3D01D006B97BB /* Supporting Files */,
				57C2615F16402B0E00793C0F /* Config */,
				57ED1456160B569500881924 /* Core */,
				57ED1455160B568800881924 /* DataManager */,
				57ED1454160B568000881924 /* Pipeline */,
				573B7099161D9D51009F0452 /* Security */,
				57F428C6163E770F00832D75 /* Utils */,
				573CBD9E15E3EE1F0071E7A6 /* AeroGear.h */,
			);
			path = "AeroGear-iOS";
			sourceTree = "<group>";
		};
		57737FDF15E3D01D006B97BB /* Supporting Files */ = {
			isa = PBXGroup;
			children = (
				57737FE015E3D01D006B97BB /* AeroGear-iOS-Prefix.pch */,
			);
			name = "Supporting Files";
			sourceTree = "<group>";
		};
		57737FF315E3D01D006B97BB /* AeroGear-iOSTests */ = {
			isa = PBXGroup;
			children = (
				57737FF415E3D01D006B97BB /* Supporting Files */,
				573CBDA615E4F9110071E7A6 /* BDD Specs */,
				573CBDA515E4F9000071E7A6 /* Unit Tests */,
			);
			path = "AeroGear-iOSTests";
			sourceTree = "<group>";
		};
		57737FF415E3D01D006B97BB /* Supporting Files */ = {
			isa = PBXGroup;
			children = (
				57737FF515E3D01D006B97BB /* AeroGear-iOSTests-Info.plist */,
				57737FF615E3D01D006B97BB /* InfoPlist.strings */,
			);
			name = "Supporting Files";
			sourceTree = "<group>";
		};
		57C2615F16402B0E00793C0F /* Config */ = {
			isa = PBXGroup;
			children = (
				57C2616116402B2D00793C0F /* AGConfig.h */,
			);
			name = Config;
			sourceTree = "<group>";
		};
		57ED1454160B568000881924 /* Pipeline */ = {
			isa = PBXGroup;
			children = (
				6F14F189170ED9F4001E14BA /* paging */,
				573CBD9615E3ECA80071E7A6 /* AGPipe.h */,
				573CBD9815E3ECB60071E7A6 /* AGPipeline.h */,
				573CBD9915E3ECB60071E7A6 /* AGPipeline.m */,
				573CBD9B15E3ED7F0071E7A6 /* AGRESTPipe.h */,
				573CBD9C15E3ED7F0071E7A6 /* AGRESTPipe.m */,
				57C2616216402B3C00793C0F /* AGPipeConfig.h */,
				57C2616316402B8900793C0F /* AGPipeConfiguration.h */,
				57C2616416402B8900793C0F /* AGPipeConfiguration.m */,
				A0A37AD816AEAEDE00979868 /* AGNSMutableArray+Paging.h */,
				A0A37AD916AEAEDE00979868 /* AGNSMutableArray+Paging.m */,
			);
			name = Pipeline;
			sourceTree = "<group>";
		};
		57ED1455160B568800881924 /* DataManager */ = {
			isa = PBXGroup;
			children = (
				57ED144C160B490F00881924 /* AGDataManager.h */,
				57ED144D160B490F00881924 /* AGDataManager.m */,
				57ED1453160B566200881924 /* AGStore.h */,
				571DBAC91610715800A0A3A6 /* AGMemoryStorage.h */,
				571DBACA1610715800A0A3A6 /* AGMemoryStorage.m */,
				6FE55673169DE5D900E6188E /* AGPropertyListStorage.h */,
				6FE55674169DE7C800E6188E /* AGPropertyListStorage.m */,
				571DBACD161071BF00A0A3A6 /* AGBaseStorage.h */,
				571DBACE161071BF00A0A3A6 /* AGBaseStorage.m */,
				57277DF51641317100C50DC5 /* AGStoreConfig.h */,
				57277DFD164131FA00C50DC5 /* AGStoreConfiguration.h */,
				57277DFE164131FA00C50DC5 /* AGStoreConfiguration.m */,
			);
			name = DataManager;
			sourceTree = "<group>";
		};
		57ED1456160B569500881924 /* Core */ = {
			isa = PBXGroup;
			children = (
				57345BD615E3D18600B74FEB /* AGHttpClient.h */,
				57345BD715E3D18600B74FEB /* AGHttpClient.m */,
			);
			name = Core;
			sourceTree = "<group>";
		};
		57F428C6163E770F00832D75 /* Utils */ = {
			isa = PBXGroup;
			children = (
				573CBDA715E51C120071E7A6 /* AGAdapter.h */,
				57DCDB8215F20E4800289EA4 /* AGBaseAdapter.h */,
				57DCDB8315F20E4800289EA4 /* AGBaseAdapter.m */,
			);
			name = Utils;
			sourceTree = "<group>";
		};
		6F14F189170ED9F4001E14BA /* paging */ = {
			isa = PBXGroup;
			children = (
				6F14F18E170EDA02001E14BA /* AGPageParameterExtractor.h */,
				6FC8F190172FC84F00905C2F /* AGPageBaseExtractor.h */,
				6FC8F191172FC84F00905C2F /* AGPageBaseExtractor.m */,
				6F14F18A170EDA02001E14BA /* AGPageBodyExtractor.h */,
				6F14F18B170EDA02001E14BA /* AGPageBodyExtractor.m */,
				6F14F18C170EDA02001E14BA /* AGPageHeaderExtractor.h */,
				6F14F18D170EDA02001E14BA /* AGPageHeaderExtractor.m */,
				6F14F18F170EDA02001E14BA /* AGPageWebLinkingExtractor.h */,
				6F14F190170EDA02001E14BA /* AGPageWebLinkingExtractor.m */,
				6F7B5EE8173259AA00ED4F83 /* AGPageConfig.h */,
				6F7B5EEB17325A7D00ED4F83 /* AGPageConfiguration.h */,
				6F7B5EEC17325A7D00ED4F83 /* AGPageConfiguration.m */,
			);
			name = paging;
			sourceTree = "<group>";
		};
		6F6F239F1664D16200006155 /* Utils */ = {
			isa = PBXGroup;
			children = (
				6F6F23A11665212A00006155 /* AGMockURLProtocol.h */,
				6F6F23A21665212A00006155 /* AGMockURLProtocol.m */,
			);
			name = Utils;
			sourceTree = "<group>";
		};
/* End PBXGroup section */

/* Begin PBXNativeTarget section */
		57737FD815E3D01D006B97BB /* AeroGear-iOS */ = {
			isa = PBXNativeTarget;
			buildConfigurationList = 57737FFE15E3D01D006B97BB /* Build configuration list for PBXNativeTarget "AeroGear-iOS" */;
			buildPhases = (
				57737FD515E3D01D006B97BB /* Sources */,
				57737FD615E3D01D006B97BB /* Frameworks */,
				57737FD715E3D01D006B97BB /* CopyFiles */,
				AB043696C28242AAB34681EC /* Copy Pods Resources */,
			);
			buildRules = (
			);
			dependencies = (
			);
			name = "AeroGear-iOS";
			productName = "AeroGear-iOS";
			productReference = 57737FD915E3D01D006B97BB /* libAeroGear-iOS.a */;
			productType = "com.apple.product-type.library.static";
		};
		57737FE915E3D01D006B97BB /* AeroGear-iOSTests */ = {
			isa = PBXNativeTarget;
			buildConfigurationList = 5773800115E3D01D006B97BB /* Build configuration list for PBXNativeTarget "AeroGear-iOSTests" */;
			buildPhases = (
				57737FE515E3D01D006B97BB /* Sources */,
				57737FE615E3D01D006B97BB /* Frameworks */,
				57737FE715E3D01D006B97BB /* Resources */,
				57737FE815E3D01D006B97BB /* ShellScript */,
				93D7F386A5174719A232F1D0 /* Copy Pods Resources */,
			);
			buildRules = (
			);
			dependencies = (
				57737FF115E3D01D006B97BB /* PBXTargetDependency */,
			);
			name = "AeroGear-iOSTests";
			productName = "AeroGear-iOSTests";
			productReference = 57737FEA15E3D01D006B97BB /* AeroGear-iOSTests.octest */;
			productType = "com.apple.product-type.bundle";
		};
/* End PBXNativeTarget section */

/* Begin PBXProject section */
		57737FD015E3D01D006B97BB /* Project object */ = {
			isa = PBXProject;
			attributes = {
				LastUpgradeCheck = 0440;
				ORGANIZATIONNAME = JBoss;
			};
			buildConfigurationList = 57737FD315E3D01D006B97BB /* Build configuration list for PBXProject "AeroGear-iOS" */;
			compatibilityVersion = "Xcode 3.2";
			developmentRegion = English;
			hasScannedForEncodings = 0;
			knownRegions = (
				en,
			);
			mainGroup = 57737FCE15E3D01D006B97BB;
			productRefGroup = 57737FDA15E3D01D006B97BB /* Products */;
			projectDirPath = "";
			projectRoot = "";
			targets = (
				57737FD815E3D01D006B97BB /* AeroGear-iOS */,
				57737FE915E3D01D006B97BB /* AeroGear-iOSTests */,
			);
		};
/* End PBXProject section */

/* Begin PBXResourcesBuildPhase section */
		57737FE715E3D01D006B97BB /* Resources */ = {
			isa = PBXResourcesBuildPhase;
			buildActionMask = 2147483647;
			files = (
				57737FF815E3D01D006B97BB /* InfoPlist.strings in Resources */,
			);
			runOnlyForDeploymentPostprocessing = 0;
		};
/* End PBXResourcesBuildPhase section */

/* Begin PBXShellScriptBuildPhase section */
		57737FE815E3D01D006B97BB /* ShellScript */ = {
			isa = PBXShellScriptBuildPhase;
			buildActionMask = 2147483647;
			files = (
			);
			inputPaths = (
			);
			outputPaths = (
			);
			runOnlyForDeploymentPostprocessing = 0;
			shellPath = /bin/sh;
			shellScript = "# Run the unit tests in this test bundle.\n\"${SYSTEM_DEVELOPER_DIR}/Tools/RunUnitTests\"\n";
			showEnvVarsInLog = 0;
		};
		93D7F386A5174719A232F1D0 /* Copy Pods Resources */ = {
			isa = PBXShellScriptBuildPhase;
			buildActionMask = 2147483647;
			files = (
			);
			inputPaths = (
			);
			name = "Copy Pods Resources";
			outputPaths = (
			);
			runOnlyForDeploymentPostprocessing = 0;
			shellPath = /bin/sh;
			shellScript = "\"${SRCROOT}/Pods/Pods-AeroGear-iOSTests-resources.sh\"\n";
			showEnvVarsInLog = 0;
		};
		AB043696C28242AAB34681EC /* Copy Pods Resources */ = {
			isa = PBXShellScriptBuildPhase;
			buildActionMask = 2147483647;
			files = (
			);
			inputPaths = (
			);
			name = "Copy Pods Resources";
			outputPaths = (
			);
			runOnlyForDeploymentPostprocessing = 0;
			shellPath = /bin/sh;
			shellScript = "\"${SRCROOT}/Pods/Pods-resources.sh\"\n";
		};
/* End PBXShellScriptBuildPhase section */

/* Begin PBXSourcesBuildPhase section */
		57737FD515E3D01D006B97BB /* Sources */ = {
			isa = PBXSourcesBuildPhase;
			buildActionMask = 2147483647;
			files = (
				57345BD815E3D18600B74FEB /* AGHttpClient.m in Sources */,
				573CBD9A15E3ECB60071E7A6 /* AGPipeline.m in Sources */,
				573CBD9D15E3ED7F0071E7A6 /* AGRESTPipe.m in Sources */,
				57DCDB8415F20E4800289EA4 /* AGBaseAdapter.m in Sources */,
				57ED144E160B490F00881924 /* AGDataManager.m in Sources */,
				571DBACB1610715800A0A3A6 /* AGMemoryStorage.m in Sources */,
				571DBACF161071BF00A0A3A6 /* AGBaseStorage.m in Sources */,
				573B709D161DA2AE009F0452 /* AGAuthenticator.m in Sources */,
				573B70A1161DDD1C009F0452 /* AGRestAuthentication.m in Sources */,
				57C2616516402B8900793C0F /* AGPipeConfiguration.m in Sources */,
				57277DFF164131FA00C50DC5 /* AGStoreConfiguration.m in Sources */,
				57277E111641364300C50DC5 /* AGAuthConfiguration.m in Sources */,
				6FE55675169DE7C800E6188E /* AGPropertyListStorage.m in Sources */,
				A0A37ADA16AEAEDE00979868 /* AGNSMutableArray+Paging.m in Sources */,
				6F14F191170EDA02001E14BA /* AGPageBodyExtractor.m in Sources */,
				6F14F192170EDA02001E14BA /* AGPageHeaderExtractor.m in Sources */,
				6F14F193170EDA02001E14BA /* AGPageWebLinkingExtractor.m in Sources */,
				6FC8F192172FC84F00905C2F /* AGPageBaseExtractor.m in Sources */,
				6F7B5EED17325A7D00ED4F83 /* AGPageConfiguration.m in Sources */,
			);
			runOnlyForDeploymentPostprocessing = 0;
		};
		57737FE515E3D01D006B97BB /* Sources */ = {
			isa = PBXSourcesBuildPhase;
			buildActionMask = 2147483647;
			files = (
				57345BDC15E3D1DF00B74FEB /* AGHttpClientTests.m in Sources */,
				573CBDA115E4CEDD0071E7A6 /* AGPipelineTests.m in Sources */,
				573CBDA415E4F31B0071E7A6 /* AGPipelineSpec.m in Sources */,
				573CBDAA15E546A20071E7A6 /* AGRestAdapterTests.m in Sources */,
				573CBDAD15E546B70071E7A6 /* AGRestAdapterSpec.m in Sources */,
				57DCDB8815F20FB700289EA4 /* AGBaseAdapterTests.m in Sources */,
				57F24DFC1601F91600A3EAD8 /* AGPipeSpec.m in Sources */,
				57ED1452160B492B00881924 /* AGDataManagerTests.m in Sources */,
				571DBAD51610C3D700A0A3A6 /* AGMemoryStorageSpec.m in Sources */,
				570B908616231D1100426BA7 /* AGRestAuthenticationTests.m in Sources */,
				570B908A1624360600426BA7 /* AGAuthenticatorTests.m in Sources */,
				6F0E7B98165F7092005E0BE5 /* AGMemoryStorageTests.m in Sources */,
				6F6F23A31665212A00006155 /* AGMockURLProtocol.m in Sources */,
				6FC562E2169ECE94000D7A43 /* AGPropertyListStorageTests.m in Sources */,
				A0A37AD316AE905F00979868 /* AGPipeConfigSpec.m in Sources */,
				A0CACD3416B054D00016A827 /* AGHttpClientMockTests.m in Sources */,
				6FA3FFF016B176D900BD6C56 /* AGPaginationTests.m in Sources */,
				6F693EAF171FEB4900E1DB63 /* AGPageBodyExtractorTests.m in Sources */,
				6F693EB2171FF6BA00E1DB63 /* AGPageHeaderExtractorTests.m in Sources */,
				6F693EB5171FFBED00E1DB63 /* AGPageWebLinkingExtractorTests.m in Sources */,
				6FC8F195172FCA7300905C2F /* AGPageBaseExtractorTests.m in Sources */,
				6F7B5EF017326E0A00ED4F83 /* AGPageConfigSpec.m in Sources */,
			);
			runOnlyForDeploymentPostprocessing = 0;
		};
/* End PBXSourcesBuildPhase section */

/* Begin PBXTargetDependency section */
		57737FF115E3D01D006B97BB /* PBXTargetDependency */ = {
			isa = PBXTargetDependency;
			target = 57737FD815E3D01D006B97BB /* AeroGear-iOS */;
			targetProxy = 57737FF015E3D01D006B97BB /* PBXContainerItemProxy */;
		};
/* End PBXTargetDependency section */

/* Begin PBXVariantGroup section */
		57737FF615E3D01D006B97BB /* InfoPlist.strings */ = {
			isa = PBXVariantGroup;
			children = (
				57737FF715E3D01D006B97BB /* en */,
			);
			name = InfoPlist.strings;
			sourceTree = "<group>";
		};
/* End PBXVariantGroup section */

/* Begin XCBuildConfiguration section */
		57737FFC15E3D01D006B97BB /* Debug */ = {
			isa = XCBuildConfiguration;
			baseConfigurationReference = DD46252015EF437500A5040C /* common.xcconfig */;
			buildSettings = {
				ALWAYS_SEARCH_USER_PATHS = NO;
				ARCHS = "$(ARCHS_STANDARD_32_BIT)";
				CLANG_CXX_LANGUAGE_STANDARD = "gnu++0x";
				CLANG_ENABLE_OBJC_ARC = YES;
				CLANG_WARN__DUPLICATE_METHOD_MATCH = YES;
				COPY_PHASE_STRIP = NO;
				GCC_C_LANGUAGE_STANDARD = gnu99;
				GCC_DYNAMIC_NO_PIC = NO;
				GCC_OPTIMIZATION_LEVEL = 0;
				GCC_PREPROCESSOR_DEFINITIONS = (
					"DEBUG=1",
					"$(inherited)",
				);
				GCC_SYMBOLS_PRIVATE_EXTERN = NO;
				GCC_VERSION = com.apple.compilers.llvm.clang.1_0;
				GCC_WARN_ABOUT_RETURN_TYPE = YES;
				GCC_WARN_UNINITIALIZED_AUTOS = YES;
				GCC_WARN_UNUSED_VARIABLE = YES;
				IPHONEOS_DEPLOYMENT_TARGET = 4.3;
				SDKROOT = iphoneos;
			};
			name = Debug;
		};
		57737FFD15E3D01D006B97BB /* Release */ = {
			isa = XCBuildConfiguration;
			baseConfigurationReference = DD46252015EF437500A5040C /* common.xcconfig */;
			buildSettings = {
				ALWAYS_SEARCH_USER_PATHS = NO;
				ARCHS = "$(ARCHS_STANDARD_32_BIT)";
				CLANG_CXX_LANGUAGE_STANDARD = "gnu++0x";
				CLANG_ENABLE_OBJC_ARC = YES;
				CLANG_WARN__DUPLICATE_METHOD_MATCH = YES;
				COPY_PHASE_STRIP = YES;
				GCC_C_LANGUAGE_STANDARD = gnu99;
				GCC_VERSION = com.apple.compilers.llvm.clang.1_0;
				GCC_WARN_ABOUT_RETURN_TYPE = YES;
				GCC_WARN_UNINITIALIZED_AUTOS = YES;
				GCC_WARN_UNUSED_VARIABLE = YES;
				IPHONEOS_DEPLOYMENT_TARGET = 4.3;
				SDKROOT = iphoneos;
				VALIDATE_PRODUCT = YES;
			};
			name = Release;
		};
		57737FFF15E3D01D006B97BB /* Debug */ = {
			isa = XCBuildConfiguration;
			baseConfigurationReference = B8AB37EC1AA3464892D758C1 /* Pods.xcconfig */;
			buildSettings = {
				DSTROOT = /tmp/AeroGear_iOS.dst;
				GCC_PRECOMPILE_PREFIX_HEADER = YES;
				GCC_PREFIX_HEADER = "AeroGear-iOS/AeroGear-iOS-Prefix.pch";
				OTHER_LDFLAGS = "-ObjC";
				PRODUCT_NAME = "$(TARGET_NAME)";
				SKIP_INSTALL = YES;
			};
			name = Debug;
		};
		5773800015E3D01D006B97BB /* Release */ = {
			isa = XCBuildConfiguration;
			baseConfigurationReference = B8AB37EC1AA3464892D758C1 /* Pods.xcconfig */;
			buildSettings = {
				DSTROOT = /tmp/AeroGear_iOS.dst;
				GCC_PRECOMPILE_PREFIX_HEADER = YES;
				GCC_PREFIX_HEADER = "AeroGear-iOS/AeroGear-iOS-Prefix.pch";
				OTHER_LDFLAGS = "-ObjC";
				PRODUCT_NAME = "$(TARGET_NAME)";
				SKIP_INSTALL = YES;
			};
			name = Release;
		};
		5773800215E3D01D006B97BB /* Debug */ = {
			isa = XCBuildConfiguration;
			baseConfigurationReference = D6A7A8124B23447DA65BC0DE /* Pods-AeroGear-iOSTests.xcconfig */;
			buildSettings = {
				FRAMEWORK_SEARCH_PATHS = (
					"\"$(SDKROOT)/Developer/Library/Frameworks\"",
					"\"$(DEVELOPER_LIBRARY_DIR)/Frameworks\"",
				);
				GCC_PRECOMPILE_PREFIX_HEADER = YES;
				GCC_PREFIX_HEADER = "AeroGear-iOS/AeroGear-iOS-Prefix.pch";
				INFOPLIST_FILE = "AeroGear-iOSTests/AeroGear-iOSTests-Info.plist";
				PRODUCT_NAME = "$(TARGET_NAME)";
				WRAPPER_EXTENSION = octest;
			};
			name = Debug;
		};
		5773800315E3D01D006B97BB /* Release */ = {
			isa = XCBuildConfiguration;
			baseConfigurationReference = D6A7A8124B23447DA65BC0DE /* Pods-AeroGear-iOSTests.xcconfig */;
			buildSettings = {
				FRAMEWORK_SEARCH_PATHS = (
					"\"$(SDKROOT)/Developer/Library/Frameworks\"",
					"\"$(DEVELOPER_LIBRARY_DIR)/Frameworks\"",
				);
				GCC_PRECOMPILE_PREFIX_HEADER = YES;
				GCC_PREFIX_HEADER = "AeroGear-iOS/AeroGear-iOS-Prefix.pch";
				INFOPLIST_FILE = "AeroGear-iOSTests/AeroGear-iOSTests-Info.plist";
				PRODUCT_NAME = "$(TARGET_NAME)";
				WRAPPER_EXTENSION = octest;
			};
			name = Release;
		};
/* End XCBuildConfiguration section */

/* Begin XCConfigurationList section */
		57737FD315E3D01D006B97BB /* Build configuration list for PBXProject "AeroGear-iOS" */ = {
			isa = XCConfigurationList;
			buildConfigurations = (
				57737FFC15E3D01D006B97BB /* Debug */,
				57737FFD15E3D01D006B97BB /* Release */,
			);
			defaultConfigurationIsVisible = 0;
			defaultConfigurationName = Release;
		};
		57737FFE15E3D01D006B97BB /* Build configuration list for PBXNativeTarget "AeroGear-iOS" */ = {
			isa = XCConfigurationList;
			buildConfigurations = (
				57737FFF15E3D01D006B97BB /* Debug */,
				5773800015E3D01D006B97BB /* Release */,
			);
			defaultConfigurationIsVisible = 0;
			defaultConfigurationName = Release;
		};
		5773800115E3D01D006B97BB /* Build configuration list for PBXNativeTarget "AeroGear-iOSTests" */ = {
			isa = XCConfigurationList;
			buildConfigurations = (
				5773800215E3D01D006B97BB /* Debug */,
				5773800315E3D01D006B97BB /* Release */,
			);
			defaultConfigurationIsVisible = 0;
			defaultConfigurationName = Release;
		};
/* End XCConfigurationList section */
	};
	rootObject = 57737FD015E3D01D006B97BB /* Project object */;
}
